// !$*UTF8*$!
{
	archiveVersion = 1;
	classes = {
	};
	objectVersion = 46;
	objects = {

/* Begin PBXBuildFile section */
		008DB2451EC443F9A9B031F7 /* libPods.a in Frameworks */ = {isa = PBXBuildFile; fileRef = ED20380E616F2056D0727B8D /* libPods.a */; };
		FE0F50F61AC8EEDE00938D18 /* main.m in Sources */ = {isa = PBXBuildFile; fileRef = FE0F50F51AC8EEDE00938D18 /* main.m */; };
		FE0F50F91AC8EEDE00938D18 /* AppDelegate.m in Sources */ = {isa = PBXBuildFile; fileRef = FE0F50F81AC8EEDE00938D18 /* AppDelegate.m */; };
		FE0F50FB1AC8EEDE00938D18 /* Images.xcassets in Resources */ = {isa = PBXBuildFile; fileRef = FE0F50FA1AC8EEDE00938D18 /* Images.xcassets */; };
		FE0F510A1AC8EEDE00938D18 /* JRentalManagerTests.m in Sources */ = {isa = PBXBuildFile; fileRef = FE0F51091AC8EEDE00938D18 /* JRentalManagerTests.m */; };
		FE0F51171AC8F9B700938D18 /* JUIViewController.m in Sources */ = {isa = PBXBuildFile; fileRef = FE0F51161AC8F9B700938D18 /* JUIViewController.m */; };
		FE24A3651ACB838E00A79647 /* JRootViewController.m in Sources */ = {isa = PBXBuildFile; fileRef = FE24A3641ACB838E00A79647 /* JRootViewController.m */; };
		FE3680C21ACBA88D00292A67 /* JNavigationController.m in Sources */ = {isa = PBXBuildFile; fileRef = FE3680C11ACBA88D00292A67 /* JNavigationController.m */; };
		FEC028501AD376330093CCD7 /* JShowViewController.m in Sources */ = {isa = PBXBuildFile; fileRef = FEC0284E1AD376330093CCD7 /* JShowViewController.m */; };
		FEC028511AD376330093CCD7 /* JShowViewController.xib in Resources */ = {isa = PBXBuildFile; fileRef = FEC0284F1AD376330093CCD7 /* JShowViewController.xib */; };
		FEC028551AD3764E0093CCD7 /* JSettingViewController.m in Sources */ = {isa = PBXBuildFile; fileRef = FEC028531AD3764E0093CCD7 /* JSettingViewController.m */; };
		FEC028561AD3764E0093CCD7 /* JSettingViewController.xib in Resources */ = {isa = PBXBuildFile; fileRef = FEC028541AD3764E0093CCD7 /* JSettingViewController.xib */; };
		FEC028601AD396350093CCD7 /* RNFrostedSidebar.m in Sources */ = {isa = PBXBuildFile; fileRef = FEC0285F1AD396350093CCD7 /* RNFrostedSidebar.m */; };
		FEC0286A1AD4BC2D0093CCD7 /* DataModel.xcdatamodeld in Sources */ = {isa = PBXBuildFile; fileRef = FEC028681AD4BC2D0093CCD7 /* DataModel.xcdatamodeld */; };
		FEC028701AD4BEB60093CCD7 /* Room.m in Sources */ = {isa = PBXBuildFile; fileRef = FEC0286F1AD4BEB60093CCD7 /* Room.m */; };
		FEEAC97A1AEC9F8C00BB356E /* JCoredataManager.m in Sources */ = {isa = PBXBuildFile; fileRef = FEEAC9791AEC9F8C00BB356E /* JCoredataManager.m */; };
		FEEAC98B1AECA72800BB356E /* Localizable.strings in Resources */ = {isa = PBXBuildFile; fileRef = FEEAC98D1AECA72800BB356E /* Localizable.strings */; };
/* End PBXBuildFile section */

/* Begin PBXContainerItemProxy section */
		FE0F51041AC8EEDE00938D18 /* PBXContainerItemProxy */ = {
			isa = PBXContainerItemProxy;
			containerPortal = FE0F50E81AC8EEDD00938D18 /* Project object */;
			proxyType = 1;
			remoteGlobalIDString = FE0F50EF1AC8EEDE00938D18;
			remoteInfo = JRentalManager;
		};
/* End PBXContainerItemProxy section */

/* Begin PBXFileReference section */
		3F9E74E7CD340A879D3F34CF /* Pods.release.xcconfig */ = {isa = PBXFileReference; includeInIndex = 1; lastKnownFileType = text.xcconfig; name = Pods.release.xcconfig; path = "Pods/Target Support Files/Pods/Pods.release.xcconfig"; sourceTree = "<group>"; };
		8CAAB934C21100B72FF15298 /* Pods.debug.xcconfig */ = {isa = PBXFileReference; includeInIndex = 1; lastKnownFileType = text.xcconfig; name = Pods.debug.xcconfig; path = "Pods/Target Support Files/Pods/Pods.debug.xcconfig"; sourceTree = "<group>"; };
		ED20380E616F2056D0727B8D /* libPods.a */ = {isa = PBXFileReference; explicitFileType = archive.ar; includeInIndex = 0; path = libPods.a; sourceTree = BUILT_PRODUCTS_DIR; };
		FE0F50F01AC8EEDE00938D18 /* JRentalManager.app */ = {isa = PBXFileReference; explicitFileType = wrapper.application; includeInIndex = 0; path = JRentalManager.app; sourceTree = BUILT_PRODUCTS_DIR; };
		FE0F50F41AC8EEDE00938D18 /* Info.plist */ = {isa = PBXFileReference; lastKnownFileType = text.plist.xml; path = Info.plist; sourceTree = "<group>"; };
		FE0F50F51AC8EEDE00938D18 /* main.m */ = {isa = PBXFileReference; lastKnownFileType = sourcecode.c.objc; path = main.m; sourceTree = "<group>"; };
		FE0F50F71AC8EEDE00938D18 /* AppDelegate.h */ = {isa = PBXFileReference; lastKnownFileType = sourcecode.c.h; path = AppDelegate.h; sourceTree = "<group>"; };
		FE0F50F81AC8EEDE00938D18 /* AppDelegate.m */ = {isa = PBXFileReference; lastKnownFileType = sourcecode.c.objc; path = AppDelegate.m; sourceTree = "<group>"; };
		FE0F50FA1AC8EEDE00938D18 /* Images.xcassets */ = {isa = PBXFileReference; lastKnownFileType = folder.assetcatalog; path = Images.xcassets; sourceTree = "<group>"; };
		FE0F51031AC8EEDE00938D18 /* JRentalManagerTests.xctest */ = {isa = PBXFileReference; explicitFileType = wrapper.cfbundle; includeInIndex = 0; path = JRentalManagerTests.xctest; sourceTree = BUILT_PRODUCTS_DIR; };
		FE0F51081AC8EEDE00938D18 /* Info.plist */ = {isa = PBXFileReference; lastKnownFileType = text.plist.xml; path = Info.plist; sourceTree = "<group>"; };
		FE0F51091AC8EEDE00938D18 /* JRentalManagerTests.m */ = {isa = PBXFileReference; lastKnownFileType = sourcecode.c.objc; path = JRentalManagerTests.m; sourceTree = "<group>"; };
		FE0F51151AC8F9B700938D18 /* JUIViewController.h */ = {isa = PBXFileReference; fileEncoding = 4; lastKnownFileType = sourcecode.c.h; path = JUIViewController.h; sourceTree = "<group>"; };
		FE0F51161AC8F9B700938D18 /* JUIViewController.m */ = {isa = PBXFileReference; fileEncoding = 4; lastKnownFileType = sourcecode.c.objc; path = JUIViewController.m; sourceTree = "<group>"; };
		FE24A3631ACB838E00A79647 /* JRootViewController.h */ = {isa = PBXFileReference; fileEncoding = 4; lastKnownFileType = sourcecode.c.h; path = JRootViewController.h; sourceTree = "<group>"; };
		FE24A3641ACB838E00A79647 /* JRootViewController.m */ = {isa = PBXFileReference; fileEncoding = 4; lastKnownFileType = sourcecode.c.objc; path = JRootViewController.m; sourceTree = "<group>"; };
		FE3680C01ACBA88D00292A67 /* JNavigationController.h */ = {isa = PBXFileReference; fileEncoding = 4; lastKnownFileType = sourcecode.c.h; path = JNavigationController.h; sourceTree = "<group>"; };
		FE3680C11ACBA88D00292A67 /* JNavigationController.m */ = {isa = PBXFileReference; fileEncoding = 4; lastKnownFileType = sourcecode.c.objc; path = JNavigationController.m; sourceTree = "<group>"; };
		FEC0284D1AD376330093CCD7 /* JShowViewController.h */ = {isa = PBXFileReference; fileEncoding = 4; lastKnownFileType = sourcecode.c.h; path = JShowViewController.h; sourceTree = "<group>"; };
		FEC0284E1AD376330093CCD7 /* JShowViewController.m */ = {isa = PBXFileReference; fileEncoding = 4; lastKnownFileType = sourcecode.c.objc; path = JShowViewController.m; sourceTree = "<group>"; };
		FEC0284F1AD376330093CCD7 /* JShowViewController.xib */ = {isa = PBXFileReference; fileEncoding = 4; lastKnownFileType = file.xib; path = JShowViewController.xib; sourceTree = "<group>"; };
		FEC028521AD3764E0093CCD7 /* JSettingViewController.h */ = {isa = PBXFileReference; fileEncoding = 4; lastKnownFileType = sourcecode.c.h; path = JSettingViewController.h; sourceTree = "<group>"; };
		FEC028531AD3764E0093CCD7 /* JSettingViewController.m */ = {isa = PBXFileReference; fileEncoding = 4; lastKnownFileType = sourcecode.c.objc; path = JSettingViewController.m; sourceTree = "<group>"; };
		FEC028541AD3764E0093CCD7 /* JSettingViewController.xib */ = {isa = PBXFileReference; fileEncoding = 4; lastKnownFileType = file.xib; path = JSettingViewController.xib; sourceTree = "<group>"; };
		FEC0285E1AD396350093CCD7 /* RNFrostedSidebar.h */ = {isa = PBXFileReference; fileEncoding = 4; lastKnownFileType = sourcecode.c.h; path = RNFrostedSidebar.h; sourceTree = "<group>"; };
		FEC0285F1AD396350093CCD7 /* RNFrostedSidebar.m */ = {isa = PBXFileReference; fileEncoding = 4; lastKnownFileType = sourcecode.c.objc; path = RNFrostedSidebar.m; sourceTree = "<group>"; };
		FEC028691AD4BC2D0093CCD7 /* DataModel.xcdatamodel */ = {isa = PBXFileReference; lastKnownFileType = wrapper.xcdatamodel; path = DataModel.xcdatamodel; sourceTree = "<group>"; };
		FEC0286E1AD4BEB60093CCD7 /* Room.h */ = {isa = PBXFileReference; fileEncoding = 4; lastKnownFileType = sourcecode.c.h; path = Room.h; sourceTree = "<group>"; };
		FEC0286F1AD4BEB60093CCD7 /* Room.m */ = {isa = PBXFileReference; fileEncoding = 4; lastKnownFileType = sourcecode.c.objc; path = Room.m; sourceTree = "<group>"; };
		FEEAC9781AEC9F8C00BB356E /* JCoredataManager.h */ = {isa = PBXFileReference; fileEncoding = 4; lastKnownFileType = sourcecode.c.h; path = JCoredataManager.h; sourceTree = "<group>"; };
		FEEAC9791AEC9F8C00BB356E /* JCoredataManager.m */ = {isa = PBXFileReference; fileEncoding = 4; lastKnownFileType = sourcecode.c.objc; path = JCoredataManager.m; sourceTree = "<group>"; };
		FEEAC98F1AECA73900BB356E /* en */ = {isa = PBXFileReference; lastKnownFileType = text.plist.strings; name = en; path = en.lproj/Localizable.strings; sourceTree = "<group>"; };
		FEEAC9901AECA74900BB356E /* zh-Hans */ = {isa = PBXFileReference; lastKnownFileType = text.plist.strings; name = "zh-Hans"; path = "zh-Hans.lproj/Localizable.strings"; sourceTree = "<group>"; };
/* End PBXFileReference section */

/* Begin PBXFrameworksBuildPhase section */
		FE0F50ED1AC8EEDE00938D18 /* Frameworks */ = {
			isa = PBXFrameworksBuildPhase;
			buildActionMask = 2147483647;
			files = (
				008DB2451EC443F9A9B031F7 /* libPods.a in Frameworks */,
			);
			runOnlyForDeploymentPostprocessing = 0;
		};
		FE0F51001AC8EEDE00938D18 /* Frameworks */ = {
			isa = PBXFrameworksBuildPhase;
			buildActionMask = 2147483647;
			files = (
			);
			runOnlyForDeploymentPostprocessing = 0;
		};
/* End PBXFrameworksBuildPhase section */

/* Begin PBXGroup section */
		D1C3B0D662E48651DD21DD21 /* Frameworks */ = {
			isa = PBXGroup;
			children = (
				ED20380E616F2056D0727B8D /* libPods.a */,
			);
			name = Frameworks;
			sourceTree = "<group>";
		};
		E7FE4C9A87AA61536E55E5A9 /* Pods */ = {
			isa = PBXGroup;
			children = (
				8CAAB934C21100B72FF15298 /* Pods.debug.xcconfig */,
				3F9E74E7CD340A879D3F34CF /* Pods.release.xcconfig */,
			);
			name = Pods;
			sourceTree = "<group>";
		};
		FE0F50E71AC8EEDD00938D18 = {
			isa = PBXGroup;
			children = (
				FE0F50F21AC8EEDE00938D18 /* JRentalManager */,
				FE0F51061AC8EEDE00938D18 /* JRentalManagerTests */,
				FE0F50F11AC8EEDE00938D18 /* Products */,
				E7FE4C9A87AA61536E55E5A9 /* Pods */,
				D1C3B0D662E48651DD21DD21 /* Frameworks */,
			);
			sourceTree = "<group>";
		};
		FE0F50F11AC8EEDE00938D18 /* Products */ = {
			isa = PBXGroup;
			children = (
				FE0F50F01AC8EEDE00938D18 /* JRentalManager.app */,
				FE0F51031AC8EEDE00938D18 /* JRentalManagerTests.xctest */,
			);
			name = Products;
			sourceTree = "<group>";
		};
		FE0F50F21AC8EEDE00938D18 /* JRentalManager */ = {
			isa = PBXGroup;
			children = (
				FE0F50F71AC8EEDE00938D18 /* AppDelegate.h */,
				FE0F50F81AC8EEDE00938D18 /* AppDelegate.m */,
				FE0F51141AC8F9A100938D18 /* BaseClass */,
				FE0F51181AC8FA4A00938D18 /* JViewClass */,
				FEC028571AD395AA0093CCD7 /* Vendor */,
				FEC028671AD4BBE30093CCD7 /* DataManager */,
				FE0F50FA1AC8EEDE00938D18 /* Images.xcassets */,
				FE0F50F31AC8EEDE00938D18 /* Supporting Files */,
			);
			path = JRentalManager;
			sourceTree = "<group>";
		};
		FE0F50F31AC8EEDE00938D18 /* Supporting Files */ = {
			isa = PBXGroup;
			children = (
				FE0F50F41AC8EEDE00938D18 /* Info.plist */,
				FE0F50F51AC8EEDE00938D18 /* main.m */,
				FEEAC98D1AECA72800BB356E /* Localizable.strings */,
			);
			name = "Supporting Files";
			sourceTree = "<group>";
		};
		FE0F51061AC8EEDE00938D18 /* JRentalManagerTests */ = {
			isa = PBXGroup;
			children = (
				FE0F51091AC8EEDE00938D18 /* JRentalManagerTests.m */,
				FE0F51071AC8EEDE00938D18 /* Supporting Files */,
			);
			path = JRentalManagerTests;
			sourceTree = "<group>";
		};
		FE0F51071AC8EEDE00938D18 /* Supporting Files */ = {
			isa = PBXGroup;
			children = (
				FE0F51081AC8EEDE00938D18 /* Info.plist */,
			);
			name = "Supporting Files";
			sourceTree = "<group>";
		};
		FE0F51141AC8F9A100938D18 /* BaseClass */ = {
			isa = PBXGroup;
			children = (
				FE0F51151AC8F9B700938D18 /* JUIViewController.h */,
				FE0F51161AC8F9B700938D18 /* JUIViewController.m */,
				FE3680C01ACBA88D00292A67 /* JNavigationController.h */,
				FE3680C11ACBA88D00292A67 /* JNavigationController.m */,
			);
			path = BaseClass;
			sourceTree = "<group>";
		};
		FE0F51181AC8FA4A00938D18 /* JViewClass */ = {
			isa = PBXGroup;
			children = (
				FEC0284C1AD376040093CCD7 /* Showing */,
				FEC0284B1AD376040093CCD7 /* Setting */,
				FE24A3631ACB838E00A79647 /* JRootViewController.h */,
				FE24A3641ACB838E00A79647 /* JRootViewController.m */,
			);
			path = JViewClass;
			sourceTree = "<group>";
		};
		FE67F2B71B007F9A006B6251 /* JShowCell */ = {
			isa = PBXGroup;
			children = (
			);
			path = JShowCell;
			sourceTree = "<group>";
		};
		FE67F2BB1B008309006B6251 /* JSettingCell */ = {
			isa = PBXGroup;
			children = (
			);
			path = JSettingCell;
			sourceTree = "<group>";
		};
		FEC0284B1AD376040093CCD7 /* Setting */ = {
			isa = PBXGroup;
			children = (
				FE67F2BB1B008309006B6251 /* JSettingCell */,
				FEC028521AD3764E0093CCD7 /* JSettingViewController.h */,
				FEC028531AD3764E0093CCD7 /* JSettingViewController.m */,
				FEC028541AD3764E0093CCD7 /* JSettingViewController.xib */,
			);
			path = Setting;
			sourceTree = "<group>";
		};
		FEC0284C1AD376040093CCD7 /* Showing */ = {
			isa = PBXGroup;
			children = (
				FE67F2B71B007F9A006B6251 /* JShowCell */,
				FEC0284D1AD376330093CCD7 /* JShowViewController.h */,
				FEC0284E1AD376330093CCD7 /* JShowViewController.m */,
				FEC0284F1AD376330093CCD7 /* JShowViewController.xib */,
			);
			path = Showing;
			sourceTree = "<group>";
		};
		FEC028571AD395AA0093CCD7 /* Vendor */ = {
			isa = PBXGroup;
			children = (
				FEC0285D1AD396350093CCD7 /* RNFrostedSidebar */,
			);
			path = Vendor;
			sourceTree = "<group>";
		};
		FEC0285D1AD396350093CCD7 /* RNFrostedSidebar */ = {
			isa = PBXGroup;
			children = (
				FEC0285E1AD396350093CCD7 /* RNFrostedSidebar.h */,
				FEC0285F1AD396350093CCD7 /* RNFrostedSidebar.m */,
			);
			path = RNFrostedSidebar;
			sourceTree = "<group>";
		};
		FEC028671AD4BBE30093CCD7 /* DataManager */ = {
			isa = PBXGroup;
			children = (
				FEC028681AD4BC2D0093CCD7 /* DataModel.xcdatamodeld */,
				FEC0286E1AD4BEB60093CCD7 /* Room.h */,
				FEC0286F1AD4BEB60093CCD7 /* Room.m */,
				FEEAC9781AEC9F8C00BB356E /* JCoredataManager.h */,
				FEEAC9791AEC9F8C00BB356E /* JCoredataManager.m */,
			);
			path = DataManager;
			sourceTree = "<group>";
		};
/* End PBXGroup section */

/* Begin PBXNativeTarget section */
		FE0F50EF1AC8EEDE00938D18 /* JRentalManager */ = {
			isa = PBXNativeTarget;
			buildConfigurationList = FE0F510D1AC8EEDE00938D18 /* Build configuration list for PBXNativeTarget "JRentalManager" */;
			buildPhases = (
				21C3F211F918FBD2B8F96362 /* Check Pods Manifest.lock */,
				FE0F50EC1AC8EEDE00938D18 /* Sources */,
				FE0F50ED1AC8EEDE00938D18 /* Frameworks */,
				FE0F50EE1AC8EEDE00938D18 /* Resources */,
				581FE25A3DABD5634F5B551A /* Copy Pods Resources */,
			);
			buildRules = (
			);
			dependencies = (
			);
			name = JRentalManager;
			productName = JRentalManager;
			productReference = FE0F50F01AC8EEDE00938D18 /* JRentalManager.app */;
			productType = "com.apple.product-type.application";
		};
		FE0F51021AC8EEDE00938D18 /* JRentalManagerTests */ = {
			isa = PBXNativeTarget;
			buildConfigurationList = FE0F51101AC8EEDE00938D18 /* Build configuration list for PBXNativeTarget "JRentalManagerTests" */;
			buildPhases = (
				FE0F50FF1AC8EEDE00938D18 /* Sources */,
				FE0F51001AC8EEDE00938D18 /* Frameworks */,
				FE0F51011AC8EEDE00938D18 /* Resources */,
			);
			buildRules = (
			);
			dependencies = (
				FE0F51051AC8EEDE00938D18 /* PBXTargetDependency */,
			);
			name = JRentalManagerTests;
			productName = JRentalManagerTests;
			productReference = FE0F51031AC8EEDE00938D18 /* JRentalManagerTests.xctest */;
			productType = "com.apple.product-type.bundle.unit-test";
		};
/* End PBXNativeTarget section */

/* Begin PBXProject section */
		FE0F50E81AC8EEDD00938D18 /* Project object */ = {
			isa = PBXProject;
			attributes = {
				LastUpgradeCheck = 0620;
				ORGANIZATIONNAME = Jone;
				TargetAttributes = {
					FE0F50EF1AC8EEDE00938D18 = {
						CreatedOnToolsVersion = 6.2;
					};
					FE0F51021AC8EEDE00938D18 = {
						CreatedOnToolsVersion = 6.2;
						TestTargetID = FE0F50EF1AC8EEDE00938D18;
					};
				};
			};
			buildConfigurationList = FE0F50EB1AC8EEDD00938D18 /* Build configuration list for PBXProject "JRentalManager" */;
			compatibilityVersion = "Xcode 3.2";
			developmentRegion = English;
			hasScannedForEncodings = 0;
			knownRegions = (
				en,
				Base,
				"zh-Hans",
			);
			mainGroup = FE0F50E71AC8EEDD00938D18;
			productRefGroup = FE0F50F11AC8EEDE00938D18 /* Products */;
			projectDirPath = "";
			projectRoot = "";
			targets = (
				FE0F50EF1AC8EEDE00938D18 /* JRentalManager */,
				FE0F51021AC8EEDE00938D18 /* JRentalManagerTests */,
			);
		};
/* End PBXProject section */

/* Begin PBXResourcesBuildPhase section */
		FE0F50EE1AC8EEDE00938D18 /* Resources */ = {
			isa = PBXResourcesBuildPhase;
			buildActionMask = 2147483647;
			files = (
				FE0F50FB1AC8EEDE00938D18 /* Images.xcassets in Resources */,
				FEC028511AD376330093CCD7 /* JShowViewController.xib in Resources */,
				FEEAC98B1AECA72800BB356E /* Localizable.strings in Resources */,
				FEC028561AD3764E0093CCD7 /* JSettingViewController.xib in Resources */,
			);
			runOnlyForDeploymentPostprocessing = 0;
		};
		FE0F51011AC8EEDE00938D18 /* Resources */ = {
			isa = PBXResourcesBuildPhase;
			buildActionMask = 2147483647;
			files = (
			);
			runOnlyForDeploymentPostprocessing = 0;
		};
/* End PBXResourcesBuildPhase section */

/* Begin PBXShellScriptBuildPhase section */
		21C3F211F918FBD2B8F96362 /* Check Pods Manifest.lock */ = {
			isa = PBXShellScriptBuildPhase;
			buildActionMask = 2147483647;
			files = (
			);
			inputPaths = (
			);
			name = "Check Pods Manifest.lock";
			outputPaths = (
			);
			runOnlyForDeploymentPostprocessing = 0;
			shellPath = /bin/sh;
			shellScript = "diff \"${PODS_ROOT}/../Podfile.lock\" \"${PODS_ROOT}/Manifest.lock\" > /dev/null\nif [[ $? != 0 ]] ; then\n    cat << EOM\nerror: The sandbox is not in sync with the Podfile.lock. Run 'pod install' or update your CocoaPods installation.\nEOM\n    exit 1\nfi\n";
			showEnvVarsInLog = 0;
		};
		581FE25A3DABD5634F5B551A /* Copy Pods Resources */ = {
			isa = PBXShellScriptBuildPhase;
			buildActionMask = 2147483647;
			files = (
			);
			inputPaths = (
			);
			name = "Copy Pods Resources";
			outputPaths = (
			);
			runOnlyForDeploymentPostprocessing = 0;
			shellPath = /bin/sh;
			shellScript = "\"${SRCROOT}/Pods/Target Support Files/Pods/Pods-resources.sh\"\n";
			showEnvVarsInLog = 0;
		};
/* End PBXShellScriptBuildPhase section */

/* Begin PBXSourcesBuildPhase section */
		FE0F50EC1AC8EEDE00938D18 /* Sources */ = {
			isa = PBXSourcesBuildPhase;
			buildActionMask = 2147483647;
			files = (
				FEC028701AD4BEB60093CCD7 /* Room.m in Sources */,
				FE0F50F91AC8EEDE00938D18 /* AppDelegate.m in Sources */,
				FE24A3651ACB838E00A79647 /* JRootViewController.m in Sources */,
				FE3680C21ACBA88D00292A67 /* JNavigationController.m in Sources */,
				FE0F50F61AC8EEDE00938D18 /* main.m in Sources */,
				FEC028551AD3764E0093CCD7 /* JSettingViewController.m in Sources */,
				FEEAC97A1AEC9F8C00BB356E /* JCoredataManager.m in Sources */,
				FEC028501AD376330093CCD7 /* JShowViewController.m in Sources */,
				FEC0286A1AD4BC2D0093CCD7 /* DataModel.xcdatamodeld in Sources */,
				FEC028601AD396350093CCD7 /* RNFrostedSidebar.m in Sources */,
				FE0F51171AC8F9B700938D18 /* JUIViewController.m in Sources */,
			);
			runOnlyForDeploymentPostprocessing = 0;
		};
		FE0F50FF1AC8EEDE00938D18 /* Sources */ = {
			isa = PBXSourcesBuildPhase;
			buildActionMask = 2147483647;
			files = (
				FE0F510A1AC8EEDE00938D18 /* JRentalManagerTests.m in Sources */,
			);
			runOnlyForDeploymentPostprocessing = 0;
		};
/* End PBXSourcesBuildPhase section */

/* Begin PBXTargetDependency section */
		FE0F51051AC8EEDE00938D18 /* PBXTargetDependency */ = {
			isa = PBXTargetDependency;
			target = FE0F50EF1AC8EEDE00938D18 /* JRentalManager */;
			targetProxy = FE0F51041AC8EEDE00938D18 /* PBXContainerItemProxy */;
		};
/* End PBXTargetDependency section */

/* Begin PBXVariantGroup section */
		FEEAC98D1AECA72800BB356E /* Localizable.strings */ = {
			isa = PBXVariantGroup;
			children = (
				FEEAC98F1AECA73900BB356E /* en */,
				FEEAC9901AECA74900BB356E /* zh-Hans */,
			);
			name = Localizable.strings;
			sourceTree = "<group>";
		};
/* End PBXVariantGroup section */

/* Begin XCBuildConfiguration section */
		FE0F510B1AC8EEDE00938D18 /* Debug */ = {
			isa = XCBuildConfiguration;
			buildSettings = {
				ALWAYS_SEARCH_USER_PATHS = NO;
				CLANG_CXX_LANGUAGE_STANDARD = "gnu++0x";
				CLANG_CXX_LIBRARY = "libc++";
				CLANG_ENABLE_MODULES = YES;
				CLANG_ENABLE_OBJC_ARC = YES;
				CLANG_WARN_BOOL_CONVERSION = YES;
				CLANG_WARN_CONSTANT_CONVERSION = YES;
				CLANG_WARN_DIRECT_OBJC_ISA_USAGE = YES_ERROR;
				CLANG_WARN_EMPTY_BODY = YES;
				CLANG_WARN_ENUM_CONVERSION = YES;
				CLANG_WARN_INT_CONVERSION = YES;
				CLANG_WARN_OBJC_ROOT_CLASS = YES_ERROR;
				CLANG_WARN_UNREACHABLE_CODE = YES;
				CLANG_WARN__DUPLICATE_METHOD_MATCH = YES;
				"CODE_SIGN_IDENTITY[sdk=iphoneos*]" = "iPhone Developer";
				COPY_PHASE_STRIP = NO;
				ENABLE_STRICT_OBJC_MSGSEND = YES;
				GCC_C_LANGUAGE_STANDARD = gnu99;
				GCC_DYNAMIC_NO_PIC = NO;
				GCC_OPTIMIZATION_LEVEL = 0;
				GCC_PREPROCESSOR_DEFINITIONS = (
					"DEBUG=1",
					"$(inherited)",
				);
				GCC_SYMBOLS_PRIVATE_EXTERN = NO;
				GCC_WARN_64_TO_32_BIT_CONVERSION = YES;
				GCC_WARN_ABOUT_RETURN_TYPE = YES_ERROR;
				GCC_WARN_UNDECLARED_SELECTOR = YES;
				GCC_WARN_UNINITIALIZED_AUTOS = YES_AGGRESSIVE;
				GCC_WARN_UNUSED_FUNCTION = YES;
				GCC_WARN_UNUSED_VARIABLE = YES;
				IPHONEOS_DEPLOYMENT_TARGET = 7.0;
				MTL_ENABLE_DEBUG_INFO = YES;
				ONLY_ACTIVE_ARCH = YES;
				SDKROOT = iphoneos;
				TARGETED_DEVICE_FAMILY = "1,2";
			};
			name = Debug;
		};
		FE0F510C1AC8EEDE00938D18 /* Release */ = {
			isa = XCBuildConfiguration;
			buildSettings = {
				ALWAYS_SEARCH_USER_PATHS = NO;
				CLANG_CXX_LANGUAGE_STANDARD = "gnu++0x";
				CLANG_CXX_LIBRARY = "libc++";
				CLANG_ENABLE_MODULES = YES;
				CLANG_ENABLE_OBJC_ARC = YES;
				CLANG_WARN_BOOL_CONVERSION = YES;
				CLANG_WARN_CONSTANT_CONVERSION = YES;
				CLANG_WARN_DIRECT_OBJC_ISA_USAGE = YES_ERROR;
				CLANG_WARN_EMPTY_BODY = YES;
				CLANG_WARN_ENUM_CONVERSION = YES;
				CLANG_WARN_INT_CONVERSION = YES;
				CLANG_WARN_OBJC_ROOT_CLASS = YES_ERROR;
				CLANG_WARN_UNREACHABLE_CODE = YES;
				CLANG_WARN__DUPLICATE_METHOD_MATCH = YES;
				"CODE_SIGN_IDENTITY[sdk=iphoneos*]" = "iPhone Developer";
				COPY_PHASE_STRIP = NO;
				ENABLE_NS_ASSERTIONS = NO;
				ENABLE_STRICT_OBJC_MSGSEND = YES;
				GCC_C_LANGUAGE_STANDARD = gnu99;
				GCC_WARN_64_TO_32_BIT_CONVERSION = YES;
				GCC_WARN_ABOUT_RETURN_TYPE = YES_ERROR;
				GCC_WARN_UNDECLARED_SELECTOR = YES;
				GCC_WARN_UNINITIALIZED_AUTOS = YES_AGGRESSIVE;
				GCC_WARN_UNUSED_FUNCTION = YES;
				GCC_WARN_UNUSED_VARIABLE = YES;
				IPHONEOS_DEPLOYMENT_TARGET = 7.0;
				MTL_ENABLE_DEBUG_INFO = NO;
				SDKROOT = iphoneos;
				TARGETED_DEVICE_FAMILY = "1,2";
				VALIDATE_PRODUCT = YES;
			};
			name = Release;
		};
		FE0F510E1AC8EEDE00938D18 /* Debug */ = {
			isa = XCBuildConfiguration;
			baseConfigurationReference = 8CAAB934C21100B72FF15298 /* Pods.debug.xcconfig */;
			buildSettings = {
				ASSETCATALOG_COMPILER_APPICON_NAME = AppIcon;
				ASSETCATALOG_COMPILER_LAUNCHIMAGE_NAME = LaunchImage;
				INFOPLIST_FILE = JRentalManager/Info.plist;
				IPHONEOS_DEPLOYMENT_TARGET = 7.0;
				LD_RUNPATH_SEARCH_PATHS = "$(inherited) @executable_path/Frameworks";
				PRODUCT_NAME = "$(TARGET_NAME)";
				TARGETED_DEVICE_FAMILY = "1,2";
			};
			name = Debug;
		};
		FE0F510F1AC8EEDE00938D18 /* Release */ = {
			isa = XCBuildConfiguration;
			baseConfigurationReference = 3F9E74E7CD340A879D3F34CF /* Pods.release.xcconfig */;
			buildSettings = {
				ASSETCATALOG_COMPILER_APPICON_NAME = AppIcon;
				ASSETCATALOG_COMPILER_LAUNCHIMAGE_NAME = LaunchImage;
				INFOPLIST_FILE = JRentalManager/Info.plist;
				IPHONEOS_DEPLOYMENT_TARGET = 7.0;
				LD_RUNPATH_SEARCH_PATHS = "$(inherited) @executable_path/Frameworks";
				PRODUCT_NAME = "$(TARGET_NAME)";
				TARGETED_DEVICE_FAMILY = "1,2";
			};
			name = Release;
		};
		FE0F51111AC8EEDE00938D18 /* Debug */ = {
			isa = XCBuildConfiguration;
			buildSettings = {
				BUNDLE_LOADER = "$(TEST_HOST)";
				FRAMEWORK_SEARCH_PATHS = (
					"$(SDKROOT)/Developer/Library/Frameworks",
					"$(inherited)",
				);
				GCC_PREPROCESSOR_DEFINITIONS = (
					"DEBUG=1",
					"$(inherited)",
				);
				INFOPLIST_FILE = JRentalManagerTests/Info.plist;
				LD_RUNPATH_SEARCH_PATHS = "$(inherited) @executable_path/Frameworks @loader_path/Frameworks";
				PRODUCT_NAME = "$(TARGET_NAME)";
				TEST_HOST = "$(BUILT_PRODUCTS_DIR)/JRentalManager.app/JRentalManager";
			};
			name = Debug;
		};
		FE0F51121AC8EEDE00938D18 /* Release */ = {
			isa = XCBuildConfiguration;
			buildSettings = {
				BUNDLE_LOADER = "$(TEST_HOST)";
				FRAMEWORK_SEARCH_PATHS = (
					"$(SDKROOT)/Developer/Library/Frameworks",
					"$(inherited)",
				);
				INFOPLIST_FILE = JRentalManagerTests/Info.plist;
				LD_RUNPATH_SEARCH_PATHS = "$(inherited) @executable_path/Frameworks @loader_path/Frameworks";
				PRODUCT_NAME = "$(TARGET_NAME)";
				TEST_HOST = "$(BUILT_PRODUCTS_DIR)/JRentalManager.app/JRentalManager";
			};
			name = Release;
		};
/* End XCBuildConfiguration section */

/* Begin XCConfigurationList section */
		FE0F50EB1AC8EEDD00938D18 /* Build configuration list for PBXProject "JRentalManager" */ = {
			isa = XCConfigurationList;
			buildConfigurations = (
				FE0F510B1AC8EEDE00938D18 /* Debug */,
				FE0F510C1AC8EEDE00938D18 /* Release */,
			);
			defaultConfigurationIsVisible = 0;
			defaultConfigurationName = Release;
		};
		FE0F510D1AC8EEDE00938D18 /* Build configuration list for PBXNativeTarget "JRentalManager" */ = {
			isa = XCConfigurationList;
			buildConfigurations = (
				FE0F510E1AC8EEDE00938D18 /* Debug */,
				FE0F510F1AC8EEDE00938D18 /* Release */,
			);
			defaultConfigurationIsVisible = 0;
			defaultConfigurationName = Release;
		};
		FE0F51101AC8EEDE00938D18 /* Build configuration list for PBXNativeTarget "JRentalManagerTests" */ = {
			isa = XCConfigurationList;
			buildConfigurations = (
				FE0F51111AC8EEDE00938D18 /* Debug */,
				FE0F51121AC8EEDE00938D18 /* Release */,
			);
			defaultConfigurationIsVisible = 0;
			defaultConfigurationName = Release;
		};
/* End XCConfigurationList section */

/* Begin XCVersionGroup section */
		FEC028681AD4BC2D0093CCD7 /* DataModel.xcdatamodeld */ = {
			isa = XCVersionGroup;
			children = (
				FEC028691AD4BC2D0093CCD7 /* DataModel.xcdatamodel */,
			);
			currentVersion = FEC028691AD4BC2D0093CCD7 /* DataModel.xcdatamodel */;
			path = DataModel.xcdatamodeld;
			sourceTree = "<group>";
			versionGroupType = wrapper.xcdatamodel;
		};
/* End XCVersionGroup section */
	};
	rootObject = FE0F50E81AC8EEDD00938D18 /* Project object */;
}
